// !$*UTF8*$!
{
	archiveVersion = 1;
	classes = {
	};
	objectVersion = 46;
	objects = {

/* Begin PBXBuildFile section */
		1D9445F11E8EB92000EA4ECF /* CPOpenSourceLicenses.h in Headers */ = {isa = PBXBuildFile; fileRef = 1D9445EF1E8EB92000EA4ECF /* CPOpenSourceLicenses.h */; settings = {ATTRIBUTES = (Public, ); }; };
		3E11B01D9AEB45253E0AE12E /* ApacheLicense2.0.txt in Resources */ = {isa = PBXBuildFile; fileRef = 3E11B1DDF9AAA4EEF0653495 /* ApacheLicense2.0.txt */; };
		3E11B091EA161399A53EDCBE /* CPOpenSourceLicenseViewController.swift in Sources */ = {isa = PBXBuildFile; fileRef = 3E11B5440AC85B260F914F1B /* CPOpenSourceLicenseViewController.swift */; };
		3E11B3AC0E9CE7257948D099 /* CPOpenSource.swift in Sources */ = {isa = PBXBuildFile; fileRef = 3E11B6F93E031E41F7056540 /* CPOpenSource.swift */; };
		3E11B3CDFE76D50BF89128B8 /* CPOpenSourceLibrariesViewController.swift in Sources */ = {isa = PBXBuildFile; fileRef = 3E11BE13EF49DBC6240FE256 /* CPOpenSourceLibrariesViewController.swift */; };
		3E11B68523506DEE5946F69D /* GNULesserGeneralPublicLicenseV3.0.txt in Resources */ = {isa = PBXBuildFile; fileRef = 3E11BB7BC0A340DA1FE0F7AB /* GNULesserGeneralPublicLicenseV3.0.txt */; };
		3E11B9E4EDF6DB0485D14541 /* MIT.txt in Resources */ = {isa = PBXBuildFile; fileRef = 3E11BA6B1464F21F15CCFBF8 /* MIT.txt */; };
		3E11BC09B99E31C7B6EB655C /* GNUAfferoGeneralPublicLicenseV3.0.txt in Resources */ = {isa = PBXBuildFile; fileRef = 3E11B87F8D1F70C1672E45FB /* GNUAfferoGeneralPublicLicenseV3.0.txt */; };
		3E11BC8544BEC9444AC69EDB /* GNUGeneralPublicLicenseV3.0.txt in Resources */ = {isa = PBXBuildFile; fileRef = 3E11B67C8EC9F999D48A0A0B /* GNUGeneralPublicLicenseV3.0.txt */; };
		3E11BE35D0D88E89DF16A0AC /* CPLicense.swift in Sources */ = {isa = PBXBuildFile; fileRef = 3E11B5B73385EFB5F6F39D0F /* CPLicense.swift */; };
		3E11BEC4507830C154693E71 /* MozillaPublicLicense2.0.txt in Resources */ = {isa = PBXBuildFile; fileRef = 3E11B684CBDF9406A44CF84A /* MozillaPublicLicense2.0.txt */; };
		3E11BEDB1FB8F0DBB4F046F6 /* TheUnlicense.txt in Resources */ = {isa = PBXBuildFile; fileRef = 3E11B95BEF904691A0869589 /* TheUnlicense.txt */; };
		3E11BF6475D8B9BFF9EB153B /* CPOpenSourceLibraryTableViewCell.swift in Sources */ = {isa = PBXBuildFile; fileRef = 3E11B56CB4FFFC5E23F6C102 /* CPOpenSourceLibraryTableViewCell.swift */; };
/* End PBXBuildFile section */

/* Begin PBXFileReference section */
		1D9445EC1E8EB92000EA4ECF /* CPOpenSourceLicenses.framework */ = {isa = PBXFileReference; explicitFileType = wrapper.framework; includeInIndex = 0; path = CPOpenSourceLicenses.framework; sourceTree = BUILT_PRODUCTS_DIR; };
		1D9445EF1E8EB92000EA4ECF /* CPOpenSourceLicenses.h */ = {isa = PBXFileReference; lastKnownFileType = sourcecode.c.h; path = CPOpenSourceLicenses.h; sourceTree = "<group>"; };
		1D9445F01E8EB92000EA4ECF /* Info.plist */ = {isa = PBXFileReference; lastKnownFileType = text.plist.xml; path = Info.plist; sourceTree = "<group>"; };
		3E11B1DDF9AAA4EEF0653495 /* ApacheLicense2.0.txt */ = {isa = PBXFileReference; fileEncoding = 4; lastKnownFileType = text; path = ApacheLicense2.0.txt; sourceTree = "<group>"; };
		3E11B5440AC85B260F914F1B /* CPOpenSourceLicenseViewController.swift */ = {isa = PBXFileReference; fileEncoding = 4; lastKnownFileType = sourcecode.swift; path = CPOpenSourceLicenseViewController.swift; sourceTree = "<group>"; };
		3E11B56CB4FFFC5E23F6C102 /* CPOpenSourceLibraryTableViewCell.swift */ = {isa = PBXFileReference; fileEncoding = 4; lastKnownFileType = sourcecode.swift; path = CPOpenSourceLibraryTableViewCell.swift; sourceTree = "<group>"; };
		3E11B5B73385EFB5F6F39D0F /* CPLicense.swift */ = {isa = PBXFileReference; fileEncoding = 4; lastKnownFileType = sourcecode.swift; path = CPLicense.swift; sourceTree = "<group>"; };
		3E11B67C8EC9F999D48A0A0B /* GNUGeneralPublicLicenseV3.0.txt */ = {isa = PBXFileReference; fileEncoding = 4; lastKnownFileType = text; path = GNUGeneralPublicLicenseV3.0.txt; sourceTree = "<group>"; };
		3E11B684CBDF9406A44CF84A /* MozillaPublicLicense2.0.txt */ = {isa = PBXFileReference; fileEncoding = 4; lastKnownFileType = text; path = MozillaPublicLicense2.0.txt; sourceTree = "<group>"; };
		3E11B6F93E031E41F7056540 /* CPOpenSource.swift */ = {isa = PBXFileReference; fileEncoding = 4; lastKnownFileType = sourcecode.swift; path = CPOpenSource.swift; sourceTree = "<group>"; };
		3E11B87F8D1F70C1672E45FB /* GNUAfferoGeneralPublicLicenseV3.0.txt */ = {isa = PBXFileReference; fileEncoding = 4; lastKnownFileType = text; path = GNUAfferoGeneralPublicLicenseV3.0.txt; sourceTree = "<group>"; };
		3E11B95BEF904691A0869589 /* TheUnlicense.txt */ = {isa = PBXFileReference; fileEncoding = 4; lastKnownFileType = text; path = TheUnlicense.txt; sourceTree = "<group>"; };
		3E11BA6B1464F21F15CCFBF8 /* MIT.txt */ = {isa = PBXFileReference; fileEncoding = 4; lastKnownFileType = text; path = MIT.txt; sourceTree = "<group>"; };
		3E11BB7BC0A340DA1FE0F7AB /* GNULesserGeneralPublicLicenseV3.0.txt */ = {isa = PBXFileReference; fileEncoding = 4; lastKnownFileType = text; path = GNULesserGeneralPublicLicenseV3.0.txt; sourceTree = "<group>"; };
		3E11BE13EF49DBC6240FE256 /* CPOpenSourceLibrariesViewController.swift */ = {isa = PBXFileReference; fileEncoding = 4; lastKnownFileType = sourcecode.swift; path = CPOpenSourceLibrariesViewController.swift; sourceTree = "<group>"; };
/* End PBXFileReference section */

/* Begin PBXFrameworksBuildPhase section */
		1D9445E81E8EB92000EA4ECF /* Frameworks */ = {
			isa = PBXFrameworksBuildPhase;
			buildActionMask = 2147483647;
			files = (
			);
			runOnlyForDeploymentPostprocessing = 0;
		};
/* End PBXFrameworksBuildPhase section */

/* Begin PBXGroup section */
		1D9445E21E8EB92000EA4ECF = {
			isa = PBXGroup;
			children = (
				1D9445EE1E8EB92000EA4ECF /* CPOpenSourceLicenses */,
				1D9445ED1E8EB92000EA4ECF /* Products */,
			);
			sourceTree = "<group>";
		};
		1D9445ED1E8EB92000EA4ECF /* Products */ = {
			isa = PBXGroup;
			children = (
				1D9445EC1E8EB92000EA4ECF /* CPOpenSourceLicenses.framework */,
			);
			name = Products;
			sourceTree = "<group>";
		};
		1D9445EE1E8EB92000EA4ECF /* CPOpenSourceLicenses */ = {
			isa = PBXGroup;
			children = (
				1D9445EF1E8EB92000EA4ECF /* CPOpenSourceLicenses.h */,
				1D9445F01E8EB92000EA4ECF /* Info.plist */,
				3E11B5B73385EFB5F6F39D0F /* CPLicense.swift */,
				3E11B0FBE6B01FCD515F6DAD /* Licenses */,
				3E11BE13EF49DBC6240FE256 /* CPOpenSourceLibrariesViewController.swift */,
				3E11B56CB4FFFC5E23F6C102 /* CPOpenSourceLibraryTableViewCell.swift */,
				3E11B6F93E031E41F7056540 /* CPOpenSource.swift */,
				3E11B5440AC85B260F914F1B /* CPOpenSourceLicenseViewController.swift */,
			);
			path = CPOpenSourceLicenses;
			sourceTree = "<group>";
		};
		3E11B0FBE6B01FCD515F6DAD /* Licenses */ = {
			isa = PBXGroup;
			children = (
				3E11BA6B1464F21F15CCFBF8 /* MIT.txt */,
				3E11B95BEF904691A0869589 /* TheUnlicense.txt */,
				3E11B1DDF9AAA4EEF0653495 /* ApacheLicense2.0.txt */,
				3E11B684CBDF9406A44CF84A /* MozillaPublicLicense2.0.txt */,
				3E11BB7BC0A340DA1FE0F7AB /* GNULesserGeneralPublicLicenseV3.0.txt */,
				3E11B67C8EC9F999D48A0A0B /* GNUGeneralPublicLicenseV3.0.txt */,
				3E11B87F8D1F70C1672E45FB /* GNUAfferoGeneralPublicLicenseV3.0.txt */,
			);
			path = Licenses;
			sourceTree = "<group>";
		};
/* End PBXGroup section */

/* Begin PBXHeadersBuildPhase section */
		1D9445E91E8EB92000EA4ECF /* Headers */ = {
			isa = PBXHeadersBuildPhase;
			buildActionMask = 2147483647;
			files = (
				1D9445F11E8EB92000EA4ECF /* CPOpenSourceLicenses.h in Headers */,
			);
			runOnlyForDeploymentPostprocessing = 0;
		};
/* End PBXHeadersBuildPhase section */

/* Begin PBXNativeTarget section */
		1D9445EB1E8EB92000EA4ECF /* CPOpenSourceLicenses */ = {
			isa = PBXNativeTarget;
			buildConfigurationList = 1D9445F41E8EB92000EA4ECF /* Build configuration list for PBXNativeTarget "CPOpenSourceLicenses" */;
			buildPhases = (
				1D9445E71E8EB92000EA4ECF /* Sources */,
				1D9445E81E8EB92000EA4ECF /* Frameworks */,
				1D9445E91E8EB92000EA4ECF /* Headers */,
				1D9445EA1E8EB92000EA4ECF /* Resources */,
			);
			buildRules = (
			);
			dependencies = (
			);
			name = CPOpenSourceLicenses;
			productName = CPOpenSourceLicenses;
			productReference = 1D9445EC1E8EB92000EA4ECF /* CPOpenSourceLicenses.framework */;
			productType = "com.apple.product-type.framework";
		};
/* End PBXNativeTarget section */

/* Begin PBXProject section */
		1D9445E31E8EB92000EA4ECF /* Project object */ = {
			isa = PBXProject;
			attributes = {
				LastUpgradeCheck = 0830;
				ORGANIZATIONNAME = ChopeIndustry;
				TargetAttributes = {
					1D9445EB1E8EB92000EA4ECF = {
						CreatedOnToolsVersion = 8.3;
						DevelopmentTeam = JKB83V3G9Q;
						ProvisioningStyle = Automatic;
					};
				};
			};
			buildConfigurationList = 1D9445E61E8EB92000EA4ECF /* Build configuration list for PBXProject "CPOpenSourceLicenses" */;
			compatibilityVersion = "Xcode 3.2";
			developmentRegion = English;
			hasScannedForEncodings = 0;
			knownRegions = (
				en,
			);
			mainGroup = 1D9445E21E8EB92000EA4ECF;
			productRefGroup = 1D9445ED1E8EB92000EA4ECF /* Products */;
			projectDirPath = "";
			projectRoot = "";
			targets = (
				1D9445EB1E8EB92000EA4ECF /* CPOpenSourceLicenses */,
			);
		};
/* End PBXProject section */

/* Begin PBXResourcesBuildPhase section */
		1D9445EA1E8EB92000EA4ECF /* Resources */ = {
			isa = PBXResourcesBuildPhase;
			buildActionMask = 2147483647;
			files = (
				3E11B9E4EDF6DB0485D14541 /* MIT.txt in Resources */,
				3E11BEDB1FB8F0DBB4F046F6 /* TheUnlicense.txt in Resources */,
				3E11B01D9AEB45253E0AE12E /* ApacheLicense2.0.txt in Resources */,
				3E11BEC4507830C154693E71 /* MozillaPublicLicense2.0.txt in Resources */,
				3E11B68523506DEE5946F69D /* GNULesserGeneralPublicLicenseV3.0.txt in Resources */,
				3E11BC8544BEC9444AC69EDB /* GNUGeneralPublicLicenseV3.0.txt in Resources */,
				3E11BC09B99E31C7B6EB655C /* GNUAfferoGeneralPublicLicenseV3.0.txt in Resources */,
			);
			runOnlyForDeploymentPostprocessing = 0;
		};
/* End PBXResourcesBuildPhase section */

/* Begin PBXSourcesBuildPhase section */
		1D9445E71E8EB92000EA4ECF /* Sources */ = {
			isa = PBXSourcesBuildPhase;
			buildActionMask = 2147483647;
			files = (
				3E11BE35D0D88E89DF16A0AC /* CPLicense.swift in Sources */,
				3E11B3CDFE76D50BF89128B8 /* CPOpenSourceLibrariesViewController.swift in Sources */,
				3E11BF6475D8B9BFF9EB153B /* CPOpenSourceLibraryTableViewCell.swift in Sources */,
				3E11B3AC0E9CE7257948D099 /* CPOpenSource.swift in Sources */,
				3E11B091EA161399A53EDCBE /* CPOpenSourceLicenseViewController.swift in Sources */,
			);
			runOnlyForDeploymentPostprocessing = 0;
		};
/* End PBXSourcesBuildPhase section */

/* Begin XCBuildConfiguration section */
		1D9445F21E8EB92000EA4ECF /* Debug */ = {
			isa = XCBuildConfiguration;
			buildSettings = {
				ALWAYS_SEARCH_USER_PATHS = NO;
				CLANG_ANALYZER_NONNULL = YES;
				CLANG_ANALYZER_NUMBER_OBJECT_CONVERSION = YES_AGGRESSIVE;
				CLANG_CXX_LANGUAGE_STANDARD = "gnu++0x";
				CLANG_CXX_LIBRARY = "libc++";
				CLANG_ENABLE_MODULES = YES;
				CLANG_ENABLE_OBJC_ARC = YES;
				CLANG_WARN_BOOL_CONVERSION = YES;
				CLANG_WARN_CONSTANT_CONVERSION = YES;
				CLANG_WARN_DIRECT_OBJC_ISA_USAGE = YES_ERROR;
				CLANG_WARN_DOCUMENTATION_COMMENTS = YES;
				CLANG_WARN_EMPTY_BODY = YES;
				CLANG_WARN_ENUM_CONVERSION = YES;
				CLANG_WARN_INFINITE_RECURSION = YES;
				CLANG_WARN_INT_CONVERSION = YES;
				CLANG_WARN_OBJC_ROOT_CLASS = YES_ERROR;
				CLANG_WARN_SUSPICIOUS_MOVE = YES;
				CLANG_WARN_UNREACHABLE_CODE = YES;
				CLANG_WARN__DUPLICATE_METHOD_MATCH = YES;
				"CODE_SIGN_IDENTITY[sdk=iphoneos*]" = "iPhone Developer";
				COPY_PHASE_STRIP = NO;
				CURRENT_PROJECT_VERSION = 1;
				DEBUG_INFORMATION_FORMAT = dwarf;
				ENABLE_STRICT_OBJC_MSGSEND = YES;
				ENABLE_TESTABILITY = YES;
				GCC_C_LANGUAGE_STANDARD = gnu99;
				GCC_DYNAMIC_NO_PIC = NO;
				GCC_NO_COMMON_BLOCKS = YES;
				GCC_OPTIMIZATION_LEVEL = 0;
				GCC_PREPROCESSOR_DEFINITIONS = (
					"DEBUG=1",
					"$(inherited)",
				);
				GCC_WARN_64_TO_32_BIT_CONVERSION = YES;
				GCC_WARN_ABOUT_RETURN_TYPE = YES_ERROR;
				GCC_WARN_UNDECLARED_SELECTOR = YES;
				GCC_WARN_UNINITIALIZED_AUTOS = YES_AGGRESSIVE;
				GCC_WARN_UNUSED_FUNCTION = YES;
				GCC_WARN_UNUSED_VARIABLE = YES;
				IPHONEOS_DEPLOYMENT_TARGET = 9.0;
				MTL_ENABLE_DEBUG_INFO = YES;
				ONLY_ACTIVE_ARCH = YES;
				SDKROOT = iphoneos;
				SWIFT_ACTIVE_COMPILATION_CONDITIONS = DEBUG;
				SWIFT_OPTIMIZATION_LEVEL = "-Onone";
				TARGETED_DEVICE_FAMILY = "1,2";
				VERSIONING_SYSTEM = "apple-generic";
				VERSION_INFO_PREFIX = "";
			};
			name = Debug;
		};
		1D9445F31E8EB92000EA4ECF /* Release */ = {
			isa = XCBuildConfiguration;
			buildSettings = {
				ALWAYS_SEARCH_USER_PATHS = NO;
				CLANG_ANALYZER_NONNULL = YES;
				CLANG_ANALYZER_NUMBER_OBJECT_CONVERSION = YES_AGGRESSIVE;
				CLANG_CXX_LANGUAGE_STANDARD = "gnu++0x";
				CLANG_CXX_LIBRARY = "libc++";
				CLANG_ENABLE_MODULES = YES;
				CLANG_ENABLE_OBJC_ARC = YES;
				CLANG_WARN_BOOL_CONVERSION = YES;
				CLANG_WARN_CONSTANT_CONVERSION = YES;
				CLANG_WARN_DIRECT_OBJC_ISA_USAGE = YES_ERROR;
				CLANG_WARN_DOCUMENTATION_COMMENTS = YES;
				CLANG_WARN_EMPTY_BODY = YES;
				CLANG_WARN_ENUM_CONVERSION = YES;
				CLANG_WARN_INFINITE_RECURSION = YES;
				CLANG_WARN_INT_CONVERSION = YES;
				CLANG_WARN_OBJC_ROOT_CLASS = YES_ERROR;
				CLANG_WARN_SUSPICIOUS_MOVE = YES;
				CLANG_WARN_UNREACHABLE_CODE = YES;
				CLANG_WARN__DUPLICATE_METHOD_MATCH = YES;
				"CODE_SIGN_IDENTITY[sdk=iphoneos*]" = "iPhone Developer";
				COPY_PHASE_STRIP = NO;
				CURRENT_PROJECT_VERSION = 1;
				DEBUG_INFORMATION_FORMAT = "dwarf-with-dsym";
				ENABLE_NS_ASSERTIONS = NO;
				ENABLE_STRICT_OBJC_MSGSEND = YES;
				GCC_C_LANGUAGE_STANDARD = gnu99;
				GCC_NO_COMMON_BLOCKS = YES;
				GCC_WARN_64_TO_32_BIT_CONVERSION = YES;
				GCC_WARN_ABOUT_RETURN_TYPE = YES_ERROR;
				GCC_WARN_UNDECLARED_SELECTOR = YES;
				GCC_WARN_UNINITIALIZED_AUTOS = YES_AGGRESSIVE;
				GCC_WARN_UNUSED_FUNCTION = YES;
				GCC_WARN_UNUSED_VARIABLE = YES;
				IPHONEOS_DEPLOYMENT_TARGET = 9.0;
				MTL_ENABLE_DEBUG_INFO = NO;
				SDKROOT = iphoneos;
				SWIFT_OPTIMIZATION_LEVEL = "-Owholemodule";
				TARGETED_DEVICE_FAMILY = "1,2";
				VALIDATE_PRODUCT = YES;
				VERSIONING_SYSTEM = "apple-generic";
				VERSION_INFO_PREFIX = "";
			};
			name = Release;
		};
		1D9445F51E8EB92000EA4ECF /* Debug */ = {
			isa = XCBuildConfiguration;
			buildSettings = {
				CODE_SIGN_IDENTITY = "";
				DEFINES_MODULE = YES;
				DEVELOPMENT_TEAM = JKB83V3G9Q;
				DYLIB_COMPATIBILITY_VERSION = 1;
				DYLIB_CURRENT_VERSION = 1;
				DYLIB_INSTALL_NAME_BASE = "@rpath";
				INFOPLIST_FILE = CPOpenSourceLicenses/Info.plist;
				INSTALL_PATH = "$(LOCAL_LIBRARY_DIR)/Frameworks";
				LD_RUNPATH_SEARCH_PATHS = "$(inherited) @executable_path/Frameworks @loader_path/Frameworks";
				PRODUCT_BUNDLE_IDENTIFIER = net.chopestory.CPOpenSourceLicenses;
				PRODUCT_NAME = "$(TARGET_NAME)";
				SKIP_INSTALL = YES;
				SWIFT_VERSION = 3.0;
			};
			name = Debug;
		};
		1D9445F61E8EB92000EA4ECF /* Release */ = {
			isa = XCBuildConfiguration;
			buildSettings = {
				CODE_SIGN_IDENTITY = "";
				DEFINES_MODULE = YES;
				DEVELOPMENT_TEAM = JKB83V3G9Q;
				DYLIB_COMPATIBILITY_VERSION = 1;
				DYLIB_CURRENT_VERSION = 1;
				DYLIB_INSTALL_NAME_BASE = "@rpath";
				INFOPLIST_FILE = CPOpenSourceLicenses/Info.plist;
				INSTALL_PATH = "$(LOCAL_LIBRARY_DIR)/Frameworks";
				LD_RUNPATH_SEARCH_PATHS = "$(inherited) @executable_path/Frameworks @loader_path/Frameworks";
				PRODUCT_BUNDLE_IDENTIFIER = net.chopestory.CPOpenSourceLicenses;
				PRODUCT_NAME = "$(TARGET_NAME)";
				SKIP_INSTALL = YES;
				SWIFT_VERSION = 3.0;
			};
			name = Release;
		};
/* End XCBuildConfiguration section */

/* Begin XCConfigurationList section */
		1D9445E61E8EB92000EA4ECF /* Build configuration list for PBXProject "CPOpenSourceLicenses" */ = {
			isa = XCConfigurationList;
			buildConfigurations = (
				1D9445F21E8EB92000EA4ECF /* Debug */,
				1D9445F31E8EB92000EA4ECF /* Release */,
			);
			defaultConfigurationIsVisible = 0;
			defaultConfigurationName = Release;
		};
		1D9445F41E8EB92000EA4ECF /* Build configuration list for PBXNativeTarget "CPOpenSourceLicenses" */ = {
			isa = XCConfigurationList;
			buildConfigurations = (
				1D9445F51E8EB92000EA4ECF /* Debug */,
				1D9445F61E8EB92000EA4ECF /* Release */,
			);
			defaultConfigurationIsVisible = 0;
			defaultConfigurationName = Release;
		};
/* End XCConfigurationList section */
	};
	rootObject = 1D9445E31E8EB92000EA4ECF /* Project object */;
}
